
Microsoft Visual Studio Solution File, Format Version 12.00
# Visual Studio 15
VisualStudioVersion = 15.0.27428.1
MinimumVisualStudioVersion = 10.0.40219.1
Project("{9A19103F-16F7-4668-BE54-9A1E7A4F7556}") = "PBot", "PBot.csproj", "{69054788-DE49-4E75-8530-212F47764541}"
EndProject
Global
	GlobalSection(SolutionConfigurationPlatforms) = preSolution
		Debug|Any CPU = Debug|Any CPU
		Release|Any CPU = Release|Any CPU
	EndGlobalSection
	GlobalSection(ProjectConfigurationPlatforms) = postSolution
		{69054788-DE49-4E75-8530-212F47764541}.Debug|Any CPU.ActiveCfg = Debug|Any CPU
		{69054788-DE49-4E75-8530-212F47764541}.Debug|Any CPU.Build.0 = Debug|Any CPU
		{69054788-DE49-4E75-8530-212F47764541}.Release|Any CPU.ActiveCfg = Release|Any CPU
		{69054788-DE49-4E75-8530-212F47764541}.Release|Any CPU.Build.0 = Release|Any CPU
	EndGlobalSection
	GlobalSection(SolutionProperties) = preSolution
		HideSolutionNode = FALSE
	EndGlobalSection
	GlobalSection(ExtensibilityGlobals) = postSolution
		SolutionGuid = {BDE41D9E-CCC4-4E60-A683-D0429904F4A4}
	EndGlobalSection
EndGlobal
